<Solution>
  <Folder Name="/ProjectItems/">
    <File Path=".editorconfig" />
    <File Path=".gitattributes" />
    <File Path=".gitignore" />
    <File Path="CleanArchPoc.sln.DotSettings" />
    <File Path="Directory.Packages.props" />
  </Folder>
  <Project Path="src/CodeArt.Poc.Primitives/CodeArt.Poc.Primitives.csproj" />
  <Project Path="tests/CodeArt.Poc.Primitives.Tests/CodeArt.Poc.Primitives.Tests.csproj" />
</Solution>
